<?xml version="1.0" encoding="utf-8"?>
<Project ToolsVersion="4.0" xmlns="http://schemas.microsoft.com/developer/msbuild/2003">
  <ItemGroup>
    <ClCompile Include="main.cpp" />
    <ClCompile Include="importers\mitsuba_importer.cpp">
      <Filter>importers</Filter>
    </ClCompile>
    <ClCompile Include="importers\obj_importer.cpp">
      <Filter>importers</Filter>
    </ClCompile>
    <ClCompile Include="core\renderer_scene.cpp">
      <Filter>core</Filter>
    </ClCompile>
    <ClCompile Include="importers\ply_importer.cpp">
      <Filter>importers</Filter>
    </ClCompile>
    <ClCompile Include="importers\pbrt_importer.cpp">
      <Filter>importers</Filter>
    </ClCompile>
    <ClCompile Include="importers\image_importer.cpp">
      <Filter>importers</Filter>
    </ClCompile>
    <ClCompile Include="converter\convert_camera.cpp">
      <Filter>converter</Filter>
    </ClCompile>
    <ClCompile Include="converter\convert_emitter.cpp">
      <Filter>converter</Filter>
    </ClCompile>
    <ClCompile Include="converter\convert_filter.cpp">
      <Filter>converter</Filter>
    </ClCompile>
    <ClCompile Include="converter\convert_integrator.cpp">
      <Filter>converter</Filter>
    </ClCompile>
    <ClCompile Include="converter\convert_material.cpp">
      <Filter>converter</Filter>
    </ClCompile>
    <ClCompile Include="converter\convert_sampler.cpp">
      <Filter>converter</Filter>
    </ClCompile>
    <ClCompile Include="converter\convert_scene.cpp">
      <Filter>converter</Filter>
    </ClCompile>
    <ClCompile Include="converter\convert_shape.cpp">
      <Filter>converter</Filter>
    </ClCompile>
    <ClCompile Include="converter\convert_spectrum.cpp">
      <Filter>converter</Filter>
    </ClCompile>
    <ClCompile Include="converter\convert_transform.cpp">
      <Filter>converter</Filter>
    </ClCompile>
    <ClCompile Include="converter\convert_texture.cpp">
      <Filter>converter</Filter>
    </ClCompile>
    <ClCompile Include="core\renderer_config.cpp">
      <Filter>core</Filter>
    </ClCompile>
    <ClCompile Include="core\resource_cache.cpp">
      <Filter>core</Filter>
    </ClCompile>
    <ClCompile Include="converter\convert_medium.cpp">
      <Filter>converter</Filter>
    </ClCompile>
  </ItemGroup>
  <ItemGroup>
    <Filter Include="importers">
      <UniqueIdentifier>{94bb31ee-27c1-4312-ab0d-aecc314ab865}</UniqueIdentifier>
    </Filter>
    <Filter Include="core">
      <UniqueIdentifier>{58e6ddc9-0ae7-4130-84c5-08be69ad5d88}</UniqueIdentifier>
    </Filter>
    <Filter Include="converter">
      <UniqueIdentifier>{86ce20d7-d59a-45ed-bd1f-a8e269cfa11d}</UniqueIdentifier>
    </Filter>
  </ItemGroup>
  <ItemGroup>
    <ClInclude Include="importers\mitsuba_importer.hpp">
      <Filter>importers</Filter>
    </ClInclude>
    <ClInclude Include="importers\obj_importer.hpp">
      <Filter>importers</Filter>
    </ClInclude>
    <ClInclude Include="core\renderer_scene.hpp">
      <Filter>core</Filter>
    </ClInclude>
    <ClInclude Include="importers\ply_importer.hpp">
      <Filter>importers</Filter>
    </ClInclude>
    <ClInclude Include="importers\pbrt_importer.hpp">
      <Filter>importers</Filter>
    </ClInclude>
    <ClInclude Include="importers\image_importer.hpp">
      <Filter>importers</Filter>
    </ClInclude>
    <ClInclude Include="converter\convert_camera.hpp">
      <Filter>converter</Filter>
    </ClInclude>
    <ClInclude Include="converter\convert_emitter.hpp">
      <Filter>converter</Filter>
    </ClInclude>
    <ClInclude Include="converter\convert_filter.hpp">
      <Filter>converter</Filter>
    </ClInclude>
    <ClInclude Include="converter\convert_integrator.hpp">
      <Filter>converter</Filter>
    </ClInclude>
    <ClInclude Include="converter\convert_material.hpp">
      <Filter>converter</Filter>
    </ClInclude>
    <ClInclude Include="converter\convert_sampler.hpp">
      <Filter>converter</Filter>
    </ClInclude>
    <ClInclude Include="converter\convert_scene.hpp">
      <Filter>converter</Filter>
    </ClInclude>
    <ClInclude Include="converter\convert_shape.hpp">
      <Filter>converter</Filter>
    </ClInclude>
    <ClInclude Include="converter\convert_spectrum.hpp">
      <Filter>converter</Filter>
    </ClInclude>
    <ClInclude Include="converter\convert_transform.hpp">
      <Filter>converter</Filter>
    </ClInclude>
    <ClInclude Include="converter\convert_texture.hpp">
      <Filter>converter</Filter>
    </ClInclude>
    <ClInclude Include="core\renderer_config.hpp">
      <Filter>core</Filter>
    </ClInclude>
    <ClInclude Include="core\resource_cache.hpp">
      <Filter>core</Filter>
    </ClInclude>
    <ClInclude Include="converter\convert_medium.hpp">
      <Filter>converter</Filter>
    </ClInclude>
  </ItemGroup>
</Project>