<?xml version="1.0" encoding="utf-8"?>
<Project ToolsVersion="4.0" xmlns="http://schemas.microsoft.com/developer/msbuild/2003">
  <ItemGroup>
    <ClCompile Include="main.cpp" />
    <ClCompile Include="importers\mitsuba_importer.cpp">
      <Filter>importers</Filter>
    </ClCompile>
    <ClCompile Include="importers\obj_importer.cpp">
      <Filter>importers</Filter>
    </ClCompile>
    <ClCompile Include="core\renderer_scene.cpp">
      <Filter>core</Filter>
    </ClCompile>
  </ItemGroup>
  <ItemGroup>
    <Filter Include="importers">
      <UniqueIdentifier>{94bb31ee-27c1-4312-ab0d-aecc314ab865}</UniqueIdentifier>
    </Filter>
    <Filter Include="core">
      <UniqueIdentifier>{58e6ddc9-0ae7-4130-84c5-08be69ad5d88}</UniqueIdentifier>
    </Filter>
  </ItemGroup>
  <ItemGroup>
    <ClInclude Include="importers\mitsuba_importer.hpp">
      <Filter>importers</Filter>
    </ClInclude>
    <ClInclude Include="importers\obj_importer.hpp">
      <Filter>importers</Filter>
    </ClInclude>
    <ClInclude Include="core\renderer_scene.hpp">
      <Filter>core</Filter>
    </ClInclude>
  </ItemGroup>
</Project>